
Microsoft Visual Studio Solution File, Format Version 12.00
# Visual Studio 14
VisualStudioVersion = 14.0.25420.1
MinimumVisualStudioVersion = 10.0.40219.1
Project("{FAE04EC0-301F-11D3-BF4B-00C04F79EFBC}") = "DotNetComponent", "netComponent\DotNetComponent.csproj", "{F1A81FBE-FBD5-4039-9007-4877812F6A53}"
EndProject
Project("{FAE04EC0-301F-11D3-BF4B-00C04F79EFBC}") = "DotNetComponentTests", "DotNetComponentTests\DotNetComponentTests.csproj", "{04BC0E29-8979-4AD2-B6CB-4FD774275CBB}"
EndProject
Project("{FAE04EC0-301F-11D3-BF4B-00C04F79EFBC}") = "ExecutableProjectTest", "ExecutableProjectTest\ExecutableProjectTest.csproj", "{663E9944-FF04-4FD6-A059-918E9C4D1180}"
EndProject
Global
	GlobalSection(SolutionConfigurationPlatforms) = preSolution
		Debug|Any CPU = Debug|Any CPU
		Release|Any CPU = Release|Any CPU
	EndGlobalSection
	GlobalSection(ProjectConfigurationPlatforms) = postSolution
		{F1A81FBE-FBD5-4039-9007-4877812F6A53}.Debug|Any CPU.ActiveCfg = Debug|Any CPU
		{F1A81FBE-FBD5-4039-9007-4877812F6A53}.Debug|Any CPU.Build.0 = Debug|Any CPU
		{F1A81FBE-FBD5-4039-9007-4877812F6A53}.Release|Any CPU.ActiveCfg = Release|Any CPU
		{F1A81FBE-FBD5-4039-9007-4877812F6A53}.Release|Any CPU.Build.0 = Release|Any CPU
		{04BC0E29-8979-4AD2-B6CB-4FD774275CBB}.Debug|Any CPU.ActiveCfg = Debug|Any CPU
		{04BC0E29-8979-4AD2-B6CB-4FD774275CBB}.Debug|Any CPU.Build.0 = Debug|Any CPU
		{04BC0E29-8979-4AD2-B6CB-4FD774275CBB}.Release|Any CPU.ActiveCfg = Release|Any CPU
		{04BC0E29-8979-4AD2-B6CB-4FD774275CBB}.Release|Any CPU.Build.0 = Release|Any CPU
		{663E9944-FF04-4FD6-A059-918E9C4D1180}.Debug|Any CPU.ActiveCfg = Debug|Any CPU
		{663E9944-FF04-4FD6-A059-918E9C4D1180}.Debug|Any CPU.Build.0 = Debug|Any CPU
		{663E9944-FF04-4FD6-A059-918E9C4D1180}.Release|Any CPU.ActiveCfg = Release|Any CPU
		{663E9944-FF04-4FD6-A059-918E9C4D1180}.Release|Any CPU.Build.0 = Release|Any CPU
	EndGlobalSection
	GlobalSection(SolutionProperties) = preSolution
		HideSolutionNode = FALSE
	EndGlobalSection
EndGlobal
